
Microsoft Visual Studio Solution File, Format Version 12.00
# Visual Studio Version 16
VisualStudioVersion = 16.0.29324.140
MinimumVisualStudioVersion = 10.0.40219.1
Project("{2150E333-8FDC-42A3-9474-1A3956D46DE8}") = ".paket", ".paket", "{C7020C8D-9042-461A-BEFA-F68E7A2B9567}"
	ProjectSection(SolutionItems) = preProject
		..\paket.dependencies = ..\paket.dependencies
	EndProjectSection
EndProject
Project("{9A19103F-16F7-4668-BE54-9A1E7A4F7556}") = "Servitr.LogSink", "Servitr.LogSink\Servitr.LogSink.csproj", "{4FEF1E08-FE2D-4094-934E-14F2DD525E63}"
EndProject
Project("{9A19103F-16F7-4668-BE54-9A1E7A4F7556}") = "Servitr.LogSink.Core.Models", "Servitr.LogSink.Core.Models\Servitr.LogSink.Core.Models.csproj", "{8AEBDFEC-1D7E-462D-9EAE-8B87EF343906}"
EndProject
Project("{9A19103F-16F7-4668-BE54-9A1E7A4F7556}") = "Servitr.LogSink.Interfaces", "Servitr.LogSink.Interfaces\Servitr.LogSink.Interfaces.csproj", "{3654C760-EC67-4EE6-B6CA-1DF8101F623A}"
EndProject
Project("{2150E333-8FDC-42A3-9474-1A3956D46DE8}") = "Solution Items", "Solution Items", "{0BEFF8D3-AF17-4233-8493-FE8B461291BF}"
	ProjectSection(SolutionItems) = preProject
		.editorconfig = .editorconfig
	EndProjectSection
EndProject
Project("{9A19103F-16F7-4668-BE54-9A1E7A4F7556}") = "Servitr.LogSink.Tests.Unit", "Servitr.LogSink.Tests.Unit\Servitr.LogSink.Tests.Unit.csproj", "{A0DAD435-5D74-4CF7-9F67-1F105E74091F}"
EndProject
Project("{FAE04EC0-301F-11D3-BF4B-00C04F79EFBC}") = "Servitr.LogSink.EventIdMappers", "Servitr.LogSink.EventIdMappers\Servitr.LogSink.EventIdMappers.csproj", "{FC41C3B0-61E3-4F1B-B337-0E80D0BB4117}"
EndProject
Project("{FAE04EC0-301F-11D3-BF4B-00C04F79EFBC}") = "Servitr.LogSink.EventIdMappers.InMemoryEventIdMapper", "Servitr.LogSink.EventIdMappers.InMemoryEventIdMapper\Servitr.LogSink.EventIdMappers.InMemoryEventIdMapper.csproj", "{FBA04A33-EE25-47C9-AD79-F6DD033EC565}"
EndProject
Global
	GlobalSection(SolutionConfigurationPlatforms) = preSolution
		Debug|Any CPU = Debug|Any CPU
		Release|Any CPU = Release|Any CPU
	EndGlobalSection
	GlobalSection(ProjectConfigurationPlatforms) = postSolution
		{4FEF1E08-FE2D-4094-934E-14F2DD525E63}.Debug|Any CPU.ActiveCfg = Debug|Any CPU
		{4FEF1E08-FE2D-4094-934E-14F2DD525E63}.Debug|Any CPU.Build.0 = Debug|Any CPU
		{4FEF1E08-FE2D-4094-934E-14F2DD525E63}.Release|Any CPU.ActiveCfg = Release|Any CPU
		{4FEF1E08-FE2D-4094-934E-14F2DD525E63}.Release|Any CPU.Build.0 = Release|Any CPU
		{8AEBDFEC-1D7E-462D-9EAE-8B87EF343906}.Debug|Any CPU.ActiveCfg = Debug|Any CPU
		{8AEBDFEC-1D7E-462D-9EAE-8B87EF343906}.Debug|Any CPU.Build.0 = Debug|Any CPU
		{8AEBDFEC-1D7E-462D-9EAE-8B87EF343906}.Release|Any CPU.ActiveCfg = Release|Any CPU
		{8AEBDFEC-1D7E-462D-9EAE-8B87EF343906}.Release|Any CPU.Build.0 = Release|Any CPU
		{3654C760-EC67-4EE6-B6CA-1DF8101F623A}.Debug|Any CPU.ActiveCfg = Debug|Any CPU
		{3654C760-EC67-4EE6-B6CA-1DF8101F623A}.Debug|Any CPU.Build.0 = Debug|Any CPU
		{3654C760-EC67-4EE6-B6CA-1DF8101F623A}.Release|Any CPU.ActiveCfg = Release|Any CPU
		{3654C760-EC67-4EE6-B6CA-1DF8101F623A}.Release|Any CPU.Build.0 = Release|Any CPU
		{A0DAD435-5D74-4CF7-9F67-1F105E74091F}.Debug|Any CPU.ActiveCfg = Debug|Any CPU
		{A0DAD435-5D74-4CF7-9F67-1F105E74091F}.Debug|Any CPU.Build.0 = Debug|Any CPU
		{A0DAD435-5D74-4CF7-9F67-1F105E74091F}.Release|Any CPU.ActiveCfg = Release|Any CPU
		{A0DAD435-5D74-4CF7-9F67-1F105E74091F}.Release|Any CPU.Build.0 = Release|Any CPU
		{FC41C3B0-61E3-4F1B-B337-0E80D0BB4117}.Debug|Any CPU.ActiveCfg = Debug|Any CPU
		{FC41C3B0-61E3-4F1B-B337-0E80D0BB4117}.Debug|Any CPU.Build.0 = Debug|Any CPU
		{FC41C3B0-61E3-4F1B-B337-0E80D0BB4117}.Release|Any CPU.ActiveCfg = Release|Any CPU
		{FC41C3B0-61E3-4F1B-B337-0E80D0BB4117}.Release|Any CPU.Build.0 = Release|Any CPU
		{FBA04A33-EE25-47C9-AD79-F6DD033EC565}.Debug|Any CPU.ActiveCfg = Debug|Any CPU
		{FBA04A33-EE25-47C9-AD79-F6DD033EC565}.Debug|Any CPU.Build.0 = Debug|Any CPU
		{FBA04A33-EE25-47C9-AD79-F6DD033EC565}.Release|Any CPU.ActiveCfg = Release|Any CPU
		{FBA04A33-EE25-47C9-AD79-F6DD033EC565}.Release|Any CPU.Build.0 = Release|Any CPU
	EndGlobalSection
	GlobalSection(SolutionProperties) = preSolution
		HideSolutionNode = FALSE
	EndGlobalSection
	GlobalSection(ExtensibilityGlobals) = postSolution
		SolutionGuid = {92458C59-EDAC-4704-A953-8A09B590828A}
	EndGlobalSection
EndGlobal
