
Microsoft Visual Studio Solution File, Format Version 12.00
# Visual Studio Version 16
VisualStudioVersion = 16.0.29324.140
MinimumVisualStudioVersion = 10.0.40219.1
Project("{9A19103F-16F7-4668-BE54-9A1E7A4F7556}") = "Servitr.LogSink", "Servitr.LogSink\Servitr.LogSink.csproj", "{4FEF1E08-FE2D-4094-934E-14F2DD525E63}"
EndProject
Project("{9A19103F-16F7-4668-BE54-9A1E7A4F7556}") = "Servitr.LogSink.Core.Models", "Servitr.LogSink.Core.Models\Servitr.LogSink.Core.Models.csproj", "{8AEBDFEC-1D7E-462D-9EAE-8B87EF343906}"
EndProject
Project("{9A19103F-16F7-4668-BE54-9A1E7A4F7556}") = "Servitr.LogSink.Interfaces", "Servitr.LogSink.Interfaces\Servitr.LogSink.Interfaces.csproj", "{3654C760-EC67-4EE6-B6CA-1DF8101F623A}"
EndProject
Project("{2150E333-8FDC-42A3-9474-1A3956D46DE8}") = "Solution Items", "Solution Items", "{0BEFF8D3-AF17-4233-8493-FE8B461291BF}"
	ProjectSection(SolutionItems) = preProject
		.editorconfig = .editorconfig
	EndProjectSection
EndProject
Global
	GlobalSection(SolutionConfigurationPlatforms) = preSolution
		Debug|Any CPU = Debug|Any CPU
		Release|Any CPU = Release|Any CPU
	EndGlobalSection
	GlobalSection(ProjectConfigurationPlatforms) = postSolution
		{4FEF1E08-FE2D-4094-934E-14F2DD525E63}.Debug|Any CPU.ActiveCfg = Debug|Any CPU
		{4FEF1E08-FE2D-4094-934E-14F2DD525E63}.Debug|Any CPU.Build.0 = Debug|Any CPU
		{4FEF1E08-FE2D-4094-934E-14F2DD525E63}.Release|Any CPU.ActiveCfg = Release|Any CPU
		{4FEF1E08-FE2D-4094-934E-14F2DD525E63}.Release|Any CPU.Build.0 = Release|Any CPU
		{8AEBDFEC-1D7E-462D-9EAE-8B87EF343906}.Debug|Any CPU.ActiveCfg = Debug|Any CPU
		{8AEBDFEC-1D7E-462D-9EAE-8B87EF343906}.Debug|Any CPU.Build.0 = Debug|Any CPU
		{8AEBDFEC-1D7E-462D-9EAE-8B87EF343906}.Release|Any CPU.ActiveCfg = Release|Any CPU
		{8AEBDFEC-1D7E-462D-9EAE-8B87EF343906}.Release|Any CPU.Build.0 = Release|Any CPU
		{3654C760-EC67-4EE6-B6CA-1DF8101F623A}.Debug|Any CPU.ActiveCfg = Debug|Any CPU
		{3654C760-EC67-4EE6-B6CA-1DF8101F623A}.Debug|Any CPU.Build.0 = Debug|Any CPU
		{3654C760-EC67-4EE6-B6CA-1DF8101F623A}.Release|Any CPU.ActiveCfg = Release|Any CPU
		{3654C760-EC67-4EE6-B6CA-1DF8101F623A}.Release|Any CPU.Build.0 = Release|Any CPU
	EndGlobalSection
	GlobalSection(SolutionProperties) = preSolution
		HideSolutionNode = FALSE
	EndGlobalSection
	GlobalSection(ExtensibilityGlobals) = postSolution
		SolutionGuid = {92458C59-EDAC-4704-A953-8A09B590828A}
	EndGlobalSection
EndGlobal
